{
  "name": "yolov5_mini_1",
  "version": "1.0.0",
  "lockfileVersion": 1,
  "requires": true,
  "dependencies": {
    "dayjs": {
      "version": "1.11.7",
      "resolved": "https://registry.npmmirror.com/dayjs/-/dayjs-1.11.7.tgz",
      "integrity": "sha512-+Yw9U6YO5TQohxLcIkrXBeY73WP3ejHWVvx8XCk3gxvQDCTEmS48ZrSZCKciI7Bhl/uCMyxYtE9UqRILmFphkQ=="
    },
    "tdesign-miniprogram": {
      "version": "1.0.3",
      "resolved": "https://registry.npmmirror.com/tdesign-miniprogram/-/tdesign-miniprogram-1.0.3.tgz",
      "integrity": "sha512-20BeTrD4jE6H8A0+K8w9sZ8dfK7sM/DVYeS2EGCars4EJ3n+xTf5XBlzF6CycxApSxBXEoaqDnSgdySmxXcYYQ==",
      "requires": {
        "dayjs": "^1.10.7"
      }
    }
  }
}
